
Microsoft Visual Studio Solution File, Format Version 12.00
# Visual Studio Version 17
VisualStudioVersion = 17.11.35312.102
MinimumVisualStudioVersion = 10.0.40219.1
Project("{FAE04EC0-301F-11D3-BF4B-00C04F79EFBC}") = "Practical_task_6_example_1__Stetsenko", "Practical_task_6_example_1__Stetsenko.csproj", "{2BFA0F91-009A-43AB-8120-7A6C049C3392}"
EndProject
Global
	GlobalSection(SolutionConfigurationPlatforms) = preSolution
		Debug|Any CPU = Debug|Any CPU
		Release|Any CPU = Release|Any CPU
	EndGlobalSection
	GlobalSection(ProjectConfigurationPlatforms) = postSolution
		{2BFA0F91-009A-43AB-8120-7A6C049C3392}.Debug|Any CPU.ActiveCfg = Debug|Any CPU
		{2BFA0F91-009A-43AB-8120-7A6C049C3392}.Debug|Any CPU.Build.0 = Debug|Any CPU
		{2BFA0F91-009A-43AB-8120-7A6C049C3392}.Release|Any CPU.ActiveCfg = Release|Any CPU
		{2BFA0F91-009A-43AB-8120-7A6C049C3392}.Release|Any CPU.Build.0 = Release|Any CPU
	EndGlobalSection
	GlobalSection(SolutionProperties) = preSolution
		HideSolutionNode = FALSE
	EndGlobalSection
	GlobalSection(ExtensibilityGlobals) = postSolution
		SolutionGuid = {4667C014-EDCC-463B-899C-03951A61898D}
	EndGlobalSection
EndGlobal
